// !$*UTF8*$!
{
	archiveVersion = 1;
	classes = {
	};
	objectVersion = 50;
	objects = {

/* Begin PBXBuildFile section */
		CA0E023A26DD066500C2494F /* AppDelegate.swift in Sources */ = {isa = PBXBuildFile; fileRef = CA0E023926DD066500C2494F /* AppDelegate.swift */; };
		CA0E023C26DD066500C2494F /* SceneDelegate.swift in Sources */ = {isa = PBXBuildFile; fileRef = CA0E023B26DD066500C2494F /* SceneDelegate.swift */; };
		CA0E023E26DD066500C2494F /* OperationsViewController.swift in Sources */ = {isa = PBXBuildFile; fileRef = CA0E023D26DD066500C2494F /* OperationsViewController.swift */; };
		CA0E024126DD066500C2494F /* Main.storyboard in Resources */ = {isa = PBXBuildFile; fileRef = CA0E023F26DD066500C2494F /* Main.storyboard */; };
		CA0E024326DD066700C2494F /* Assets.xcassets in Resources */ = {isa = PBXBuildFile; fileRef = CA0E024226DD066700C2494F /* Assets.xcassets */; };
		CA0E024626DD066700C2494F /* LaunchScreen.storyboard in Resources */ = {isa = PBXBuildFile; fileRef = CA0E024426DD066700C2494F /* LaunchScreen.storyboard */; };
		CA0E025326DD07C300C2494F /* operations.json in Resources */ = {isa = PBXBuildFile; fileRef = CA0E025226DD07C300C2494F /* operations.json */; };
		CA0E025826DD2F1000C2494F /* OperationsPresenter.swift in Sources */ = {isa = PBXBuildFile; fileRef = CA0E025726DD2F1000C2494F /* OperationsPresenter.swift */; };
		CA0E025A26DD2F7200C2494F /* Operation.swift in Sources */ = {isa = PBXBuildFile; fileRef = CA0E025926DD2F7200C2494F /* Operation.swift */; };
		CA99BD1E26DD513900B2643B /* CashWithdrawalTableViewCell.swift in Sources */ = {isa = PBXBuildFile; fileRef = CA99BD1C26DD513900B2643B /* CashWithdrawalTableViewCell.swift */; };
		CA99BD1F26DD513900B2643B /* CashWithdrawalTableViewCell.xib in Resources */ = {isa = PBXBuildFile; fileRef = CA99BD1D26DD513900B2643B /* CashWithdrawalTableViewCell.xib */; };
		CA99BD2326DD515900B2643B /* ChargeTableViewCell.swift in Sources */ = {isa = PBXBuildFile; fileRef = CA99BD2126DD515900B2643B /* ChargeTableViewCell.swift */; };
		CA99BD2426DD515900B2643B /* ChargeTableViewCell.xib in Resources */ = {isa = PBXBuildFile; fileRef = CA99BD2226DD515900B2643B /* ChargeTableViewCell.xib */; };
		CA99BD2A26DD6B5A00B2643B /* IncomeTableViewCell.swift in Sources */ = {isa = PBXBuildFile; fileRef = CA99BD2826DD6B5A00B2643B /* IncomeTableViewCell.swift */; };
		CA99BD2B26DD6B5A00B2643B /* IncomeTableViewCell.xib in Resources */ = {isa = PBXBuildFile; fileRef = CA99BD2926DD6B5A00B2643B /* IncomeTableViewCell.xib */; };
		CA99BD2E26DD710800B2643B /* OperationsPresenterDelegate.swift in Sources */ = {isa = PBXBuildFile; fileRef = CA99BD2D26DD710800B2643B /* OperationsPresenterDelegate.swift */; };
		CA99BD3026DD717600B2643B /* CellSelectionDelegate.swift in Sources */ = {isa = PBXBuildFile; fileRef = CA99BD2F26DD717600B2643B /* CellSelectionDelegate.swift */; };
		CA99BD3226DD756E00B2643B /* DetailsViewController.swift in Sources */ = {isa = PBXBuildFile; fileRef = CA99BD3126DD756E00B2643B /* DetailsViewController.swift */; };
/* End PBXBuildFile section */

/* Begin PBXFileReference section */
		CA0E023626DD066500C2494F /* NikitaTestMVP.app */ = {isa = PBXFileReference; explicitFileType = wrapper.application; includeInIndex = 0; path = NikitaTestMVP.app; sourceTree = BUILT_PRODUCTS_DIR; };
		CA0E023926DD066500C2494F /* AppDelegate.swift */ = {isa = PBXFileReference; lastKnownFileType = sourcecode.swift; path = AppDelegate.swift; sourceTree = "<group>"; };
		CA0E023B26DD066500C2494F /* SceneDelegate.swift */ = {isa = PBXFileReference; lastKnownFileType = sourcecode.swift; path = SceneDelegate.swift; sourceTree = "<group>"; };
		CA0E023D26DD066500C2494F /* OperationsViewController.swift */ = {isa = PBXFileReference; lastKnownFileType = sourcecode.swift; path = OperationsViewController.swift; sourceTree = "<group>"; };
		CA0E024026DD066500C2494F /* Base */ = {isa = PBXFileReference; lastKnownFileType = file.storyboard; name = Base; path = Base.lproj/Main.storyboard; sourceTree = "<group>"; };
		CA0E024226DD066700C2494F /* Assets.xcassets */ = {isa = PBXFileReference; lastKnownFileType = folder.assetcatalog; path = Assets.xcassets; sourceTree = "<group>"; };
		CA0E024526DD066700C2494F /* Base */ = {isa = PBXFileReference; lastKnownFileType = file.storyboard; name = Base; path = Base.lproj/LaunchScreen.storyboard; sourceTree = "<group>"; };
		CA0E024726DD066700C2494F /* Info.plist */ = {isa = PBXFileReference; lastKnownFileType = text.plist.xml; path = Info.plist; sourceTree = "<group>"; };
		CA0E025226DD07C300C2494F /* operations.json */ = {isa = PBXFileReference; lastKnownFileType = text.json; path = operations.json; sourceTree = "<group>"; };
		CA0E025726DD2F1000C2494F /* OperationsPresenter.swift */ = {isa = PBXFileReference; lastKnownFileType = sourcecode.swift; path = OperationsPresenter.swift; sourceTree = "<group>"; };
		CA0E025926DD2F7200C2494F /* Operation.swift */ = {isa = PBXFileReference; lastKnownFileType = sourcecode.swift; path = Operation.swift; sourceTree = "<group>"; };
		CA99BD1C26DD513900B2643B /* CashWithdrawalTableViewCell.swift */ = {isa = PBXFileReference; lastKnownFileType = sourcecode.swift; path = CashWithdrawalTableViewCell.swift; sourceTree = "<group>"; };
		CA99BD1D26DD513900B2643B /* CashWithdrawalTableViewCell.xib */ = {isa = PBXFileReference; lastKnownFileType = file.xib; path = CashWithdrawalTableViewCell.xib; sourceTree = "<group>"; };
		CA99BD2126DD515900B2643B /* ChargeTableViewCell.swift */ = {isa = PBXFileReference; lastKnownFileType = sourcecode.swift; path = ChargeTableViewCell.swift; sourceTree = "<group>"; };
		CA99BD2226DD515900B2643B /* ChargeTableViewCell.xib */ = {isa = PBXFileReference; lastKnownFileType = file.xib; path = ChargeTableViewCell.xib; sourceTree = "<group>"; };
		CA99BD2826DD6B5A00B2643B /* IncomeTableViewCell.swift */ = {isa = PBXFileReference; lastKnownFileType = sourcecode.swift; path = IncomeTableViewCell.swift; sourceTree = "<group>"; };
		CA99BD2926DD6B5A00B2643B /* IncomeTableViewCell.xib */ = {isa = PBXFileReference; lastKnownFileType = file.xib; path = IncomeTableViewCell.xib; sourceTree = "<group>"; };
		CA99BD2D26DD710800B2643B /* OperationsPresenterDelegate.swift */ = {isa = PBXFileReference; lastKnownFileType = sourcecode.swift; path = OperationsPresenterDelegate.swift; sourceTree = "<group>"; };
		CA99BD2F26DD717600B2643B /* CellSelectionDelegate.swift */ = {isa = PBXFileReference; lastKnownFileType = sourcecode.swift; path = CellSelectionDelegate.swift; sourceTree = "<group>"; };
		CA99BD3126DD756E00B2643B /* DetailsViewController.swift */ = {isa = PBXFileReference; lastKnownFileType = sourcecode.swift; path = DetailsViewController.swift; sourceTree = "<group>"; };
/* End PBXFileReference section */

/* Begin PBXFrameworksBuildPhase section */
		CA0E023326DD066500C2494F /* Frameworks */ = {
			isa = PBXFrameworksBuildPhase;
			buildActionMask = 2147483647;
			files = (
			);
			runOnlyForDeploymentPostprocessing = 0;
		};
/* End PBXFrameworksBuildPhase section */

/* Begin PBXGroup section */
		CA0E022D26DD066500C2494F = {
			isa = PBXGroup;
			children = (
				CA0E023826DD066500C2494F /* NikitaTestMVP */,
				CA0E023726DD066500C2494F /* Products */,
			);
			sourceTree = "<group>";
		};
		CA0E023726DD066500C2494F /* Products */ = {
			isa = PBXGroup;
			children = (
				CA0E023626DD066500C2494F /* NikitaTestMVP.app */,
			);
			name = Products;
			sourceTree = "<group>";
		};
		CA0E023826DD066500C2494F /* NikitaTestMVP */ = {
			isa = PBXGroup;
			children = (
				CA99BD2C26DD70E900B2643B /* Protocols */,
				CA0E025626DD2EEA00C2494F /* Presenters */,
				CA0E025526DD2EE000C2494F /* Views */,
				CA0E025426DD2EC000C2494F /* Models */,
				CA0E025126DD078C00C2494F /* Data */,
				CA0E025026DD06FF00C2494F /* Suporting Files */,
				CA0E024F26DD06A600C2494F /* AppLifeCycle */,
				CA0E024D26DD067500C2494F /* Assets */,
				CA0E023F26DD066500C2494F /* Main.storyboard */,
			);
			path = NikitaTestMVP;
			sourceTree = "<group>";
		};
		CA0E024D26DD067500C2494F /* Assets */ = {
			isa = PBXGroup;
			children = (
				CA0E024226DD066700C2494F /* Assets.xcassets */,
			);
			path = Assets;
			sourceTree = "<group>";
		};
		CA0E024F26DD06A600C2494F /* AppLifeCycle */ = {
			isa = PBXGroup;
			children = (
				CA0E023926DD066500C2494F /* AppDelegate.swift */,
				CA0E023B26DD066500C2494F /* SceneDelegate.swift */,
			);
			path = AppLifeCycle;
			sourceTree = "<group>";
		};
		CA0E025026DD06FF00C2494F /* Suporting Files */ = {
			isa = PBXGroup;
			children = (
				CA0E024726DD066700C2494F /* Info.plist */,
				CA0E024426DD066700C2494F /* LaunchScreen.storyboard */,
			);
			name = "Suporting Files";
			sourceTree = "<group>";
		};
		CA0E025126DD078C00C2494F /* Data */ = {
			isa = PBXGroup;
			children = (
				CA0E025226DD07C300C2494F /* operations.json */,
			);
			path = Data;
			sourceTree = "<group>";
		};
		CA0E025426DD2EC000C2494F /* Models */ = {
			isa = PBXGroup;
			children = (
				CA0E025926DD2F7200C2494F /* Operation.swift */,
			);
			path = Models;
			sourceTree = "<group>";
		};
		CA0E025526DD2EE000C2494F /* Views */ = {
			isa = PBXGroup;
			children = (
				CA99BD1A26DD50DD00B2643B /* Cells */,
				CA0E023D26DD066500C2494F /* OperationsViewController.swift */,
				CA99BD3126DD756E00B2643B /* DetailsViewController.swift */,
			);
			path = Views;
			sourceTree = "<group>";
		};
		CA0E025626DD2EEA00C2494F /* Presenters */ = {
			isa = PBXGroup;
			children = (
				CA0E025726DD2F1000C2494F /* OperationsPresenter.swift */,
			);
			path = Presenters;
			sourceTree = "<group>";
		};
		CA99BD1A26DD50DD00B2643B /* Cells */ = {
			isa = PBXGroup;
			children = (
				CA99BD2526DD519600B2643B /* Income */,
				CA99BD2026DD514200B2643B /* Charge */,
				CA99BD1B26DD511E00B2643B /* CashWithdrawal */,
			);
			path = Cells;
			sourceTree = "<group>";
		};
		CA99BD1B26DD511E00B2643B /* CashWithdrawal */ = {
			isa = PBXGroup;
			children = (
				CA99BD1C26DD513900B2643B /* CashWithdrawalTableViewCell.swift */,
				CA99BD1D26DD513900B2643B /* CashWithdrawalTableViewCell.xib */,
			);
			path = CashWithdrawal;
			sourceTree = "<group>";
		};
		CA99BD2026DD514200B2643B /* Charge */ = {
			isa = PBXGroup;
			children = (
				CA99BD2126DD515900B2643B /* ChargeTableViewCell.swift */,
				CA99BD2226DD515900B2643B /* ChargeTableViewCell.xib */,
			);
			path = Charge;
			sourceTree = "<group>";
		};
		CA99BD2526DD519600B2643B /* Income */ = {
			isa = PBXGroup;
			children = (
				CA99BD2826DD6B5A00B2643B /* IncomeTableViewCell.swift */,
				CA99BD2926DD6B5A00B2643B /* IncomeTableViewCell.xib */,
			);
			path = Income;
			sourceTree = "<group>";
		};
		CA99BD2C26DD70E900B2643B /* Protocols */ = {
			isa = PBXGroup;
			children = (
				CA99BD2D26DD710800B2643B /* OperationsPresenterDelegate.swift */,
				CA99BD2F26DD717600B2643B /* CellSelectionDelegate.swift */,
			);
			path = Protocols;
			sourceTree = "<group>";
		};
/* End PBXGroup section */

/* Begin PBXNativeTarget section */
		CA0E023526DD066500C2494F /* NikitaTestMVP */ = {
			isa = PBXNativeTarget;
			buildConfigurationList = CA0E024A26DD066700C2494F /* Build configuration list for PBXNativeTarget "NikitaTestMVP" */;
			buildPhases = (
				CA0E023226DD066500C2494F /* Sources */,
				CA0E023326DD066500C2494F /* Frameworks */,
				CA0E023426DD066500C2494F /* Resources */,
			);
			buildRules = (
			);
			dependencies = (
			);
			name = NikitaTestMVP;
			productName = NikitaTestMVP;
			productReference = CA0E023626DD066500C2494F /* NikitaTestMVP.app */;
			productType = "com.apple.product-type.application";
		};
/* End PBXNativeTarget section */

/* Begin PBXProject section */
		CA0E022E26DD066500C2494F /* Project object */ = {
			isa = PBXProject;
			attributes = {
				LastSwiftUpdateCheck = 1250;
				LastUpgradeCheck = 1250;
				TargetAttributes = {
					CA0E023526DD066500C2494F = {
						CreatedOnToolsVersion = 12.5.1;
					};
				};
			};
			buildConfigurationList = CA0E023126DD066500C2494F /* Build configuration list for PBXProject "NikitaTestMVP" */;
			compatibilityVersion = "Xcode 9.3";
			developmentRegion = en;
			hasScannedForEncodings = 0;
			knownRegions = (
				en,
				Base,
			);
			mainGroup = CA0E022D26DD066500C2494F;
			productRefGroup = CA0E023726DD066500C2494F /* Products */;
			projectDirPath = "";
			projectRoot = "";
			targets = (
				CA0E023526DD066500C2494F /* NikitaTestMVP */,
			);
		};
/* End PBXProject section */

/* Begin PBXResourcesBuildPhase section */
		CA0E023426DD066500C2494F /* Resources */ = {
			isa = PBXResourcesBuildPhase;
			buildActionMask = 2147483647;
			files = (
				CA0E024626DD066700C2494F /* LaunchScreen.storyboard in Resources */,
				CA0E024326DD066700C2494F /* Assets.xcassets in Resources */,
				CA0E024126DD066500C2494F /* Main.storyboard in Resources */,
				CA99BD2426DD515900B2643B /* ChargeTableViewCell.xib in Resources */,
				CA99BD2B26DD6B5A00B2643B /* IncomeTableViewCell.xib in Resources */,
				CA0E025326DD07C300C2494F /* operations.json in Resources */,
				CA99BD1F26DD513900B2643B /* CashWithdrawalTableViewCell.xib in Resources */,
			);
			runOnlyForDeploymentPostprocessing = 0;
		};
/* End PBXResourcesBuildPhase section */

/* Begin PBXSourcesBuildPhase section */
		CA0E023226DD066500C2494F /* Sources */ = {
			isa = PBXSourcesBuildPhase;
			buildActionMask = 2147483647;
			files = (
				CA0E023E26DD066500C2494F /* OperationsViewController.swift in Sources */,
				CA0E023A26DD066500C2494F /* AppDelegate.swift in Sources */,
				CA99BD2A26DD6B5A00B2643B /* IncomeTableViewCell.swift in Sources */,
				CA99BD3226DD756E00B2643B /* DetailsViewController.swift in Sources */,
				CA99BD3026DD717600B2643B /* CellSelectionDelegate.swift in Sources */,
				CA0E025826DD2F1000C2494F /* OperationsPresenter.swift in Sources */,
				CA99BD1E26DD513900B2643B /* CashWithdrawalTableViewCell.swift in Sources */,
				CA99BD2E26DD710800B2643B /* OperationsPresenterDelegate.swift in Sources */,
				CA0E025A26DD2F7200C2494F /* Operation.swift in Sources */,
				CA99BD2326DD515900B2643B /* ChargeTableViewCell.swift in Sources */,
				CA0E023C26DD066500C2494F /* SceneDelegate.swift in Sources */,
			);
			runOnlyForDeploymentPostprocessing = 0;
		};
/* End PBXSourcesBuildPhase section */

/* Begin PBXVariantGroup section */
		CA0E023F26DD066500C2494F /* Main.storyboard */ = {
			isa = PBXVariantGroup;
			children = (
				CA0E024026DD066500C2494F /* Base */,
			);
			name = Main.storyboard;
			sourceTree = "<group>";
		};
		CA0E024426DD066700C2494F /* LaunchScreen.storyboard */ = {
			isa = PBXVariantGroup;
			children = (
				CA0E024526DD066700C2494F /* Base */,
			);
			name = LaunchScreen.storyboard;
			sourceTree = "<group>";
		};
/* End PBXVariantGroup section */

/* Begin XCBuildConfiguration section */
		CA0E024826DD066700C2494F /* Debug */ = {
			isa = XCBuildConfiguration;
			buildSettings = {
				ALWAYS_SEARCH_USER_PATHS = NO;
				CLANG_ANALYZER_NONNULL = YES;
				CLANG_ANALYZER_NUMBER_OBJECT_CONVERSION = YES_AGGRESSIVE;
				CLANG_CXX_LANGUAGE_STANDARD = "gnu++14";
				CLANG_CXX_LIBRARY = "libc++";
				CLANG_ENABLE_MODULES = YES;
				CLANG_ENABLE_OBJC_ARC = YES;
				CLANG_ENABLE_OBJC_WEAK = YES;
				CLANG_WARN_BLOCK_CAPTURE_AUTORELEASING = YES;
				CLANG_WARN_BOOL_CONVERSION = YES;
				CLANG_WARN_COMMA = YES;
				CLANG_WARN_CONSTANT_CONVERSION = YES;
				CLANG_WARN_DEPRECATED_OBJC_IMPLEMENTATIONS = YES;
				CLANG_WARN_DIRECT_OBJC_ISA_USAGE = YES_ERROR;
				CLANG_WARN_DOCUMENTATION_COMMENTS = YES;
				CLANG_WARN_EMPTY_BODY = YES;
				CLANG_WARN_ENUM_CONVERSION = YES;
				CLANG_WARN_INFINITE_RECURSION = YES;
				CLANG_WARN_INT_CONVERSION = YES;
				CLANG_WARN_NON_LITERAL_NULL_CONVERSION = YES;
				CLANG_WARN_OBJC_IMPLICIT_RETAIN_SELF = YES;
				CLANG_WARN_OBJC_LITERAL_CONVERSION = YES;
				CLANG_WARN_OBJC_ROOT_CLASS = YES_ERROR;
				CLANG_WARN_QUOTED_INCLUDE_IN_FRAMEWORK_HEADER = YES;
				CLANG_WARN_RANGE_LOOP_ANALYSIS = YES;
				CLANG_WARN_STRICT_PROTOTYPES = YES;
				CLANG_WARN_SUSPICIOUS_MOVE = YES;
				CLANG_WARN_UNGUARDED_AVAILABILITY = YES_AGGRESSIVE;
				CLANG_WARN_UNREACHABLE_CODE = YES;
				CLANG_WARN__DUPLICATE_METHOD_MATCH = YES;
				COPY_PHASE_STRIP = NO;
				DEBUG_INFORMATION_FORMAT = dwarf;
				ENABLE_STRICT_OBJC_MSGSEND = YES;
				ENABLE_TESTABILITY = YES;
				GCC_C_LANGUAGE_STANDARD = gnu11;
				GCC_DYNAMIC_NO_PIC = NO;
				GCC_NO_COMMON_BLOCKS = YES;
				GCC_OPTIMIZATION_LEVEL = 0;
				GCC_PREPROCESSOR_DEFINITIONS = (
					"DEBUG=1",
					"$(inherited)",
				);
				GCC_WARN_64_TO_32_BIT_CONVERSION = YES;
				GCC_WARN_ABOUT_RETURN_TYPE = YES_ERROR;
				GCC_WARN_UNDECLARED_SELECTOR = YES;
				GCC_WARN_UNINITIALIZED_AUTOS = YES_AGGRESSIVE;
				GCC_WARN_UNUSED_FUNCTION = YES;
				GCC_WARN_UNUSED_VARIABLE = YES;
				IPHONEOS_DEPLOYMENT_TARGET = 14.5;
				MTL_ENABLE_DEBUG_INFO = INCLUDE_SOURCE;
				MTL_FAST_MATH = YES;
				ONLY_ACTIVE_ARCH = YES;
				SDKROOT = iphoneos;
				SWIFT_ACTIVE_COMPILATION_CONDITIONS = DEBUG;
				SWIFT_OPTIMIZATION_LEVEL = "-Onone";
			};
			name = Debug;
		};
		CA0E024926DD066700C2494F /* Release */ = {
			isa = XCBuildConfiguration;
			buildSettings = {
				ALWAYS_SEARCH_USER_PATHS = NO;
				CLANG_ANALYZER_NONNULL = YES;
				CLANG_ANALYZER_NUMBER_OBJECT_CONVERSION = YES_AGGRESSIVE;
				CLANG_CXX_LANGUAGE_STANDARD = "gnu++14";
				CLANG_CXX_LIBRARY = "libc++";
				CLANG_ENABLE_MODULES = YES;
				CLANG_ENABLE_OBJC_ARC = YES;
				CLANG_ENABLE_OBJC_WEAK = YES;
				CLANG_WARN_BLOCK_CAPTURE_AUTORELEASING = YES;
				CLANG_WARN_BOOL_CONVERSION = YES;
				CLANG_WARN_COMMA = YES;
				CLANG_WARN_CONSTANT_CONVERSION = YES;
				CLANG_WARN_DEPRECATED_OBJC_IMPLEMENTATIONS = YES;
				CLANG_WARN_DIRECT_OBJC_ISA_USAGE = YES_ERROR;
				CLANG_WARN_DOCUMENTATION_COMMENTS = YES;
				CLANG_WARN_EMPTY_BODY = YES;
				CLANG_WARN_ENUM_CONVERSION = YES;
				CLANG_WARN_INFINITE_RECURSION = YES;
				CLANG_WARN_INT_CONVERSION = YES;
				CLANG_WARN_NON_LITERAL_NULL_CONVERSION = YES;
				CLANG_WARN_OBJC_IMPLICIT_RETAIN_SELF = YES;
				CLANG_WARN_OBJC_LITERAL_CONVERSION = YES;
				CLANG_WARN_OBJC_ROOT_CLASS = YES_ERROR;
				CLANG_WARN_QUOTED_INCLUDE_IN_FRAMEWORK_HEADER = YES;
				CLANG_WARN_RANGE_LOOP_ANALYSIS = YES;
				CLANG_WARN_STRICT_PROTOTYPES = YES;
				CLANG_WARN_SUSPICIOUS_MOVE = YES;
				CLANG_WARN_UNGUARDED_AVAILABILITY = YES_AGGRESSIVE;
				CLANG_WARN_UNREACHABLE_CODE = YES;
				CLANG_WARN__DUPLICATE_METHOD_MATCH = YES;
				COPY_PHASE_STRIP = NO;
				DEBUG_INFORMATION_FORMAT = "dwarf-with-dsym";
				ENABLE_NS_ASSERTIONS = NO;
				ENABLE_STRICT_OBJC_MSGSEND = YES;
				GCC_C_LANGUAGE_STANDARD = gnu11;
				GCC_NO_COMMON_BLOCKS = YES;
				GCC_WARN_64_TO_32_BIT_CONVERSION = YES;
				GCC_WARN_ABOUT_RETURN_TYPE = YES_ERROR;
				GCC_WARN_UNDECLARED_SELECTOR = YES;
				GCC_WARN_UNINITIALIZED_AUTOS = YES_AGGRESSIVE;
				GCC_WARN_UNUSED_FUNCTION = YES;
				GCC_WARN_UNUSED_VARIABLE = YES;
				IPHONEOS_DEPLOYMENT_TARGET = 14.5;
				MTL_ENABLE_DEBUG_INFO = NO;
				MTL_FAST_MATH = YES;
				SDKROOT = iphoneos;
				SWIFT_COMPILATION_MODE = wholemodule;
				SWIFT_OPTIMIZATION_LEVEL = "-O";
				VALIDATE_PRODUCT = YES;
			};
			name = Release;
		};
		CA0E024B26DD066700C2494F /* Debug */ = {
			isa = XCBuildConfiguration;
			buildSettings = {
				ASSETCATALOG_COMPILER_APPICON_NAME = AppIcon;
				ASSETCATALOG_COMPILER_GLOBAL_ACCENT_COLOR_NAME = AccentColor;
				CODE_SIGN_STYLE = Automatic;
				DEVELOPMENT_TEAM = N5KK6475ZS;
				INFOPLIST_FILE = NikitaTestMVP/Info.plist;
				LD_RUNPATH_SEARCH_PATHS = (
					"$(inherited)",
					"@executable_path/Frameworks",
				);
				PRODUCT_BUNDLE_IDENTIFIER = com.nikita.NikitaTestMVP;
				PRODUCT_NAME = "$(TARGET_NAME)";
				SWIFT_VERSION = 5.0;
				TARGETED_DEVICE_FAMILY = "1,2";
			};
			name = Debug;
		};
		CA0E024C26DD066700C2494F /* Release */ = {
			isa = XCBuildConfiguration;
			buildSettings = {
				ASSETCATALOG_COMPILER_APPICON_NAME = AppIcon;
				ASSETCATALOG_COMPILER_GLOBAL_ACCENT_COLOR_NAME = AccentColor;
				CODE_SIGN_STYLE = Automatic;
				DEVELOPMENT_TEAM = N5KK6475ZS;
				INFOPLIST_FILE = NikitaTestMVP/Info.plist;
				LD_RUNPATH_SEARCH_PATHS = (
					"$(inherited)",
					"@executable_path/Frameworks",
				);
				PRODUCT_BUNDLE_IDENTIFIER = com.nikita.NikitaTestMVP;
				PRODUCT_NAME = "$(TARGET_NAME)";
				SWIFT_VERSION = 5.0;
				TARGETED_DEVICE_FAMILY = "1,2";
			};
			name = Release;
		};
/* End XCBuildConfiguration section */

/* Begin XCConfigurationList section */
		CA0E023126DD066500C2494F /* Build configuration list for PBXProject "NikitaTestMVP" */ = {
			isa = XCConfigurationList;
			buildConfigurations = (
				CA0E024826DD066700C2494F /* Debug */,
				CA0E024926DD066700C2494F /* Release */,
			);
			defaultConfigurationIsVisible = 0;
			defaultConfigurationName = Release;
		};
		CA0E024A26DD066700C2494F /* Build configuration list for PBXNativeTarget "NikitaTestMVP" */ = {
			isa = XCConfigurationList;
			buildConfigurations = (
				CA0E024B26DD066700C2494F /* Debug */,
				CA0E024C26DD066700C2494F /* Release */,
			);
			defaultConfigurationIsVisible = 0;
			defaultConfigurationName = Release;
		};
/* End XCConfigurationList section */
	};
	rootObject = CA0E022E26DD066500C2494F /* Project object */;
}
